
Microsoft Visual Studio Solution File, Format Version 12.00
# Visual Studio Version 17
VisualStudioVersion = 17.0.31611.283
MinimumVisualStudioVersion = 10.0.40219.1
Project("{2150E333-8FDC-42A3-9474-1A3956D46DE8}") = "TabIsVisible", "TabIsVisible", "{1503B92F-3608-46A4-A390-225E73C577E0}"
EndProject
Project("{9A19103F-16F7-4668-BE54-9A1E7A4F7556}") = "MauiApp1", "TabIsVisibile\MauiApp1.csproj", "{77638CC9-3616-4A40-9659-9A680481A6EB}"
EndProject
Project("{2150E333-8FDC-42A3-9474-1A3956D46DE8}") = "FlyoutIsVisible", "FlyoutIsVisible", "{CB00FBF8-4F2B-4349-8D5F-299DC40C87FA}"
EndProject
Project("{9A19103F-16F7-4668-BE54-9A1E7A4F7556}") = "MauiApp1", "FlyoutIsVisible\MauiApp1.csproj", "{D06E5741-0FB2-4010-9767-CDA325FA906F}"
EndProject
Project("{2150E333-8FDC-42A3-9474-1A3956D46DE8}") = "SpanTapGesture", "SpanTapGesture", "{30A6630C-2BE7-47EF-81EF-7FB4C11A4656}"
EndProject
Project("{9A19103F-16F7-4668-BE54-9A1E7A4F7556}") = "MauiApp1", "SpanTapGesture\MauiApp1.csproj", "{34E7C87C-68C6-4CBC-BB4C-594397DB6C02}"
EndProject
Project("{2150E333-8FDC-42A3-9474-1A3956D46DE8}") = "ShellColors", "ShellColors", "{B923FCAD-2009-4ABD-8084-6D618097F3DA}"
EndProject
Project("{9A19103F-16F7-4668-BE54-9A1E7A4F7556}") = "MauiApp1", "ShellColors\MauiApp1.csproj", "{55E4B5CA-A552-4598-86F8-EB4B6B12269E}"
EndProject
Project("{2150E333-8FDC-42A3-9474-1A3956D46DE8}") = "FlyoutIcons", "FlyoutIcons", "{B0E3A77B-3C09-4809-88FC-EA08A49B49F8}"
EndProject
Project("{9A19103F-16F7-4668-BE54-9A1E7A4F7556}") = "MauiApp1", "FlyoutIcons\MauiApp1.csproj", "{10295F9B-F000-45E4-B98E-75B5AADA8137}"
EndProject
Project("{2150E333-8FDC-42A3-9474-1A3956D46DE8}") = "FlyoutIcons2", "FlyoutIcons2", "{C1A1DD19-89BB-4C0A-B61E-7B18B15697D1}"
EndProject
Project("{9A19103F-16F7-4668-BE54-9A1E7A4F7556}") = "MauiApp1", "FlyoutIcons2\MauiApp1.csproj", "{6FC3237C-BA72-4660-8C70-BA2C610CDC3A}"
EndProject
Project("{2150E333-8FDC-42A3-9474-1A3956D46DE8}") = "NETCoreApp", "NETCoreApp", "{7E23C17A-3A5E-421D-9D6D-A7E2DA3159B0}"
EndProject
Project("{9A19103F-16F7-4668-BE54-9A1E7A4F7556}") = "MauiApp1", "NETCoreApp\MauiApp1\MauiApp1.csproj", "{B5FCDD9F-3E82-4103-8816-F0FD248F42BF}"
EndProject
Global
	GlobalSection(SolutionConfigurationPlatforms) = preSolution
		Debug|Any CPU = Debug|Any CPU
		Release|Any CPU = Release|Any CPU
	EndGlobalSection
	GlobalSection(ProjectConfigurationPlatforms) = postSolution
		{77638CC9-3616-4A40-9659-9A680481A6EB}.Debug|Any CPU.ActiveCfg = Debug|Any CPU
		{77638CC9-3616-4A40-9659-9A680481A6EB}.Debug|Any CPU.Build.0 = Debug|Any CPU
		{77638CC9-3616-4A40-9659-9A680481A6EB}.Debug|Any CPU.Deploy.0 = Debug|Any CPU
		{77638CC9-3616-4A40-9659-9A680481A6EB}.Release|Any CPU.ActiveCfg = Release|Any CPU
		{77638CC9-3616-4A40-9659-9A680481A6EB}.Release|Any CPU.Build.0 = Release|Any CPU
		{77638CC9-3616-4A40-9659-9A680481A6EB}.Release|Any CPU.Deploy.0 = Release|Any CPU
		{D06E5741-0FB2-4010-9767-CDA325FA906F}.Debug|Any CPU.ActiveCfg = Debug|Any CPU
		{D06E5741-0FB2-4010-9767-CDA325FA906F}.Debug|Any CPU.Build.0 = Debug|Any CPU
		{D06E5741-0FB2-4010-9767-CDA325FA906F}.Debug|Any CPU.Deploy.0 = Debug|Any CPU
		{D06E5741-0FB2-4010-9767-CDA325FA906F}.Release|Any CPU.ActiveCfg = Release|Any CPU
		{D06E5741-0FB2-4010-9767-CDA325FA906F}.Release|Any CPU.Build.0 = Release|Any CPU
		{D06E5741-0FB2-4010-9767-CDA325FA906F}.Release|Any CPU.Deploy.0 = Release|Any CPU
		{34E7C87C-68C6-4CBC-BB4C-594397DB6C02}.Debug|Any CPU.ActiveCfg = Debug|Any CPU
		{34E7C87C-68C6-4CBC-BB4C-594397DB6C02}.Debug|Any CPU.Build.0 = Debug|Any CPU
		{34E7C87C-68C6-4CBC-BB4C-594397DB6C02}.Debug|Any CPU.Deploy.0 = Debug|Any CPU
		{34E7C87C-68C6-4CBC-BB4C-594397DB6C02}.Release|Any CPU.ActiveCfg = Release|Any CPU
		{34E7C87C-68C6-4CBC-BB4C-594397DB6C02}.Release|Any CPU.Build.0 = Release|Any CPU
		{34E7C87C-68C6-4CBC-BB4C-594397DB6C02}.Release|Any CPU.Deploy.0 = Release|Any CPU
		{55E4B5CA-A552-4598-86F8-EB4B6B12269E}.Debug|Any CPU.ActiveCfg = Debug|Any CPU
		{55E4B5CA-A552-4598-86F8-EB4B6B12269E}.Debug|Any CPU.Build.0 = Debug|Any CPU
		{55E4B5CA-A552-4598-86F8-EB4B6B12269E}.Debug|Any CPU.Deploy.0 = Debug|Any CPU
		{55E4B5CA-A552-4598-86F8-EB4B6B12269E}.Release|Any CPU.ActiveCfg = Release|Any CPU
		{55E4B5CA-A552-4598-86F8-EB4B6B12269E}.Release|Any CPU.Build.0 = Release|Any CPU
		{55E4B5CA-A552-4598-86F8-EB4B6B12269E}.Release|Any CPU.Deploy.0 = Release|Any CPU
		{10295F9B-F000-45E4-B98E-75B5AADA8137}.Debug|Any CPU.ActiveCfg = Debug|Any CPU
		{10295F9B-F000-45E4-B98E-75B5AADA8137}.Debug|Any CPU.Build.0 = Debug|Any CPU
		{10295F9B-F000-45E4-B98E-75B5AADA8137}.Debug|Any CPU.Deploy.0 = Debug|Any CPU
		{10295F9B-F000-45E4-B98E-75B5AADA8137}.Release|Any CPU.ActiveCfg = Release|Any CPU
		{10295F9B-F000-45E4-B98E-75B5AADA8137}.Release|Any CPU.Build.0 = Release|Any CPU
		{10295F9B-F000-45E4-B98E-75B5AADA8137}.Release|Any CPU.Deploy.0 = Release|Any CPU
		{6FC3237C-BA72-4660-8C70-BA2C610CDC3A}.Debug|Any CPU.ActiveCfg = Debug|Any CPU
		{6FC3237C-BA72-4660-8C70-BA2C610CDC3A}.Debug|Any CPU.Build.0 = Debug|Any CPU
		{6FC3237C-BA72-4660-8C70-BA2C610CDC3A}.Debug|Any CPU.Deploy.0 = Debug|Any CPU
		{6FC3237C-BA72-4660-8C70-BA2C610CDC3A}.Release|Any CPU.ActiveCfg = Release|Any CPU
		{6FC3237C-BA72-4660-8C70-BA2C610CDC3A}.Release|Any CPU.Build.0 = Release|Any CPU
		{6FC3237C-BA72-4660-8C70-BA2C610CDC3A}.Release|Any CPU.Deploy.0 = Release|Any CPU
		{B5FCDD9F-3E82-4103-8816-F0FD248F42BF}.Debug|Any CPU.ActiveCfg = Debug|Any CPU
		{B5FCDD9F-3E82-4103-8816-F0FD248F42BF}.Debug|Any CPU.Build.0 = Debug|Any CPU
		{B5FCDD9F-3E82-4103-8816-F0FD248F42BF}.Debug|Any CPU.Deploy.0 = Debug|Any CPU
		{B5FCDD9F-3E82-4103-8816-F0FD248F42BF}.Release|Any CPU.ActiveCfg = Release|Any CPU
		{B5FCDD9F-3E82-4103-8816-F0FD248F42BF}.Release|Any CPU.Build.0 = Release|Any CPU
		{B5FCDD9F-3E82-4103-8816-F0FD248F42BF}.Release|Any CPU.Deploy.0 = Release|Any CPU
	EndGlobalSection
	GlobalSection(SolutionProperties) = preSolution
		HideSolutionNode = FALSE
	EndGlobalSection
	GlobalSection(NestedProjects) = preSolution
		{77638CC9-3616-4A40-9659-9A680481A6EB} = {1503B92F-3608-46A4-A390-225E73C577E0}
		{D06E5741-0FB2-4010-9767-CDA325FA906F} = {CB00FBF8-4F2B-4349-8D5F-299DC40C87FA}
		{34E7C87C-68C6-4CBC-BB4C-594397DB6C02} = {30A6630C-2BE7-47EF-81EF-7FB4C11A4656}
		{55E4B5CA-A552-4598-86F8-EB4B6B12269E} = {B923FCAD-2009-4ABD-8084-6D618097F3DA}
		{10295F9B-F000-45E4-B98E-75B5AADA8137} = {B0E3A77B-3C09-4809-88FC-EA08A49B49F8}
		{6FC3237C-BA72-4660-8C70-BA2C610CDC3A} = {C1A1DD19-89BB-4C0A-B61E-7B18B15697D1}
		{B5FCDD9F-3E82-4103-8816-F0FD248F42BF} = {7E23C17A-3A5E-421D-9D6D-A7E2DA3159B0}
	EndGlobalSection
	GlobalSection(ExtensibilityGlobals) = postSolution
		SolutionGuid = {61F7FB11-1E47-470C-91E2-47F8143E1572}
	EndGlobalSection
EndGlobal
